// !$*UTF8*$!
{
	archiveVersion = 1;
	classes = {
	};
	objectVersion = 56;
	objects = {

/* Begin PBXBuildFile section */
		1BFE4484728A0EFD06C529EF /* Pods_bussin.framework in Frameworks */ = {isa = PBXBuildFile; fileRef = 460B64CE23216E19C2556D19 /* Pods_bussin.framework */; };
		2B7EEAE52950F1D600DE7776 /* AppDelegate.swift in Sources */ = {isa = PBXBuildFile; fileRef = 2B7EEAE42950F1D600DE7776 /* AppDelegate.swift */; };
		2B7EEAE72950F1D600DE7776 /* SceneDelegate.swift in Sources */ = {isa = PBXBuildFile; fileRef = 2B7EEAE62950F1D600DE7776 /* SceneDelegate.swift */; };
		2B7EEAEC2950F1D600DE7776 /* Main.storyboard in Resources */ = {isa = PBXBuildFile; fileRef = 2B7EEAEA2950F1D600DE7776 /* Main.storyboard */; };
		2B7EEAEE2950F1DA00DE7776 /* Assets.xcassets in Resources */ = {isa = PBXBuildFile; fileRef = 2B7EEAED2950F1DA00DE7776 /* Assets.xcassets */; };
		2B7EEAF12950F1DA00DE7776 /* LaunchScreen.storyboard in Resources */ = {isa = PBXBuildFile; fileRef = 2B7EEAEF2950F1DA00DE7776 /* LaunchScreen.storyboard */; };
		2B7EEAF92950F43900DE7776 /* MapVC.swift in Sources */ = {isa = PBXBuildFile; fileRef = 2B7EEAF82950F43900DE7776 /* MapVC.swift */; };
		2B7EEAFB2950F48300DE7776 /* CityVC.swift in Sources */ = {isa = PBXBuildFile; fileRef = 2B7EEAFA2950F48300DE7776 /* CityVC.swift */; };
		2B7EEAFD2950F4B300DE7776 /* LinesVC.swift in Sources */ = {isa = PBXBuildFile; fileRef = 2B7EEAFC2950F4B300DE7776 /* LinesVC.swift */; };
		2B7EEAFF295111F700DE7776 /* CustomCollectionViewCell.swift in Sources */ = {isa = PBXBuildFile; fileRef = 2B7EEAFE295111F600DE7776 /* CustomCollectionViewCell.swift */; };
		2B7EEB012951150200DE7776 /* SzczecinRouteManager.swift in Sources */ = {isa = PBXBuildFile; fileRef = 2B7EEB002951150200DE7776 /* SzczecinRouteManager.swift */; };
		2B90321D2954B1340034AC0D /* BaseTabBarController.swift in Sources */ = {isa = PBXBuildFile; fileRef = 2B90321C2954B1340034AC0D /* BaseTabBarController.swift */; };
		2B90321F2954BD1C0034AC0D /* dark_mode_style.json in Resources */ = {isa = PBXBuildFile; fileRef = 2B90321E2954BD1C0034AC0D /* dark_mode_style.json */; };
		2BDBD53B2954DD8100A4A5D8 /* stops.json in Resources */ = {isa = PBXBuildFile; fileRef = 2BDBD53A2954DD8000A4A5D8 /* stops.json */; };
		2BDBD53D2954E92600A4A5D8 /* MapInfoWindow.swift in Sources */ = {isa = PBXBuildFile; fileRef = 2BDBD53C2954E92600A4A5D8 /* MapInfoWindow.swift */; };
		2BDBD53F2955CAF500A4A5D8 /* mark.png in Resources */ = {isa = PBXBuildFile; fileRef = 2BDBD53E2955CAF500A4A5D8 /* mark.png */; };
/* End PBXBuildFile section */

/* Begin PBXCopyFilesBuildPhase section */
		2BD54EDD295DDF2400B68517 /* CopyFiles */ = {
			isa = PBXCopyFilesBuildPhase;
			buildActionMask = 2147483647;
			dstPath = "include/$(PRODUCT_NAME)";
			dstSubfolderSpec = 16;
			files = (
			);
			runOnlyForDeploymentPostprocessing = 0;
		};
/* End PBXCopyFilesBuildPhase section */

/* Begin PBXFileReference section */
		2B7EEAE12950F1D600DE7776 /* LiveBus.app */ = {isa = PBXFileReference; explicitFileType = wrapper.application; includeInIndex = 0; path = LiveBus.app; sourceTree = BUILT_PRODUCTS_DIR; };
		2B7EEAE42950F1D600DE7776 /* AppDelegate.swift */ = {isa = PBXFileReference; lastKnownFileType = sourcecode.swift; path = AppDelegate.swift; sourceTree = "<group>"; };
		2B7EEAE62950F1D600DE7776 /* SceneDelegate.swift */ = {isa = PBXFileReference; lastKnownFileType = sourcecode.swift; path = SceneDelegate.swift; sourceTree = "<group>"; };
		2B7EEAEB2950F1D600DE7776 /* Base */ = {isa = PBXFileReference; lastKnownFileType = file.storyboard; name = Base; path = Base.lproj/Main.storyboard; sourceTree = "<group>"; };
		2B7EEAED2950F1DA00DE7776 /* Assets.xcassets */ = {isa = PBXFileReference; lastKnownFileType = folder.assetcatalog; path = Assets.xcassets; sourceTree = "<group>"; };
		2B7EEAF02950F1DA00DE7776 /* Base */ = {isa = PBXFileReference; lastKnownFileType = file.storyboard; name = Base; path = Base.lproj/LaunchScreen.storyboard; sourceTree = "<group>"; };
		2B7EEAF22950F1DA00DE7776 /* Info.plist */ = {isa = PBXFileReference; lastKnownFileType = text.plist.xml; path = Info.plist; sourceTree = "<group>"; };
		2B7EEAF82950F43900DE7776 /* MapVC.swift */ = {isa = PBXFileReference; lastKnownFileType = sourcecode.swift; path = MapVC.swift; sourceTree = "<group>"; };
		2B7EEAFA2950F48300DE7776 /* CityVC.swift */ = {isa = PBXFileReference; lastKnownFileType = sourcecode.swift; path = CityVC.swift; sourceTree = "<group>"; };
		2B7EEAFC2950F4B300DE7776 /* LinesVC.swift */ = {isa = PBXFileReference; lastKnownFileType = sourcecode.swift; path = LinesVC.swift; sourceTree = "<group>"; };
		2B7EEAFE295111F600DE7776 /* CustomCollectionViewCell.swift */ = {isa = PBXFileReference; lastKnownFileType = sourcecode.swift; path = CustomCollectionViewCell.swift; sourceTree = "<group>"; };
		2B7EEB002951150200DE7776 /* SzczecinRouteManager.swift */ = {isa = PBXFileReference; lastKnownFileType = sourcecode.swift; path = SzczecinRouteManager.swift; sourceTree = "<group>"; };
		2B90321C2954B1340034AC0D /* BaseTabBarController.swift */ = {isa = PBXFileReference; lastKnownFileType = sourcecode.swift; path = BaseTabBarController.swift; sourceTree = "<group>"; };
		2B90321E2954BD1C0034AC0D /* dark_mode_style.json */ = {isa = PBXFileReference; fileEncoding = 4; lastKnownFileType = text.json; path = dark_mode_style.json; sourceTree = "<group>"; };
		2BD54EDF295DDF2400B68517 /* libLiveBusLab.a */ = {isa = PBXFileReference; explicitFileType = archive.ar; includeInIndex = 0; path = libLiveBusLab.a; sourceTree = BUILT_PRODUCTS_DIR; };
		2BDBD53A2954DD8000A4A5D8 /* stops.json */ = {isa = PBXFileReference; fileEncoding = 4; lastKnownFileType = text.json; path = stops.json; sourceTree = "<group>"; };
		2BDBD53C2954E92600A4A5D8 /* MapInfoWindow.swift */ = {isa = PBXFileReference; lastKnownFileType = sourcecode.swift; path = MapInfoWindow.swift; sourceTree = "<group>"; };
		2BDBD53E2955CAF500A4A5D8 /* mark.png */ = {isa = PBXFileReference; lastKnownFileType = image.png; path = mark.png; sourceTree = "<group>"; };
		460B64CE23216E19C2556D19 /* Pods_bussin.framework */ = {isa = PBXFileReference; explicitFileType = wrapper.framework; includeInIndex = 0; path = Pods_bussin.framework; sourceTree = BUILT_PRODUCTS_DIR; };
		DB26E3F5D81A628D42E9240A /* Pods-bussin.release.xcconfig */ = {isa = PBXFileReference; includeInIndex = 1; lastKnownFileType = text.xcconfig; name = "Pods-bussin.release.xcconfig"; path = "Target Support Files/Pods-bussin/Pods-bussin.release.xcconfig"; sourceTree = "<group>"; };
		F298AEDAA9BB08A7939BEBFC /* Pods-bussin.debug.xcconfig */ = {isa = PBXFileReference; includeInIndex = 1; lastKnownFileType = text.xcconfig; name = "Pods-bussin.debug.xcconfig"; path = "Target Support Files/Pods-bussin/Pods-bussin.debug.xcconfig"; sourceTree = "<group>"; };
/* End PBXFileReference section */

/* Begin PBXFrameworksBuildPhase section */
		2B7EEADE2950F1D600DE7776 /* Frameworks */ = {
			isa = PBXFrameworksBuildPhase;
			buildActionMask = 2147483647;
			files = (
				1BFE4484728A0EFD06C529EF /* Pods_bussin.framework in Frameworks */,
			);
			runOnlyForDeploymentPostprocessing = 0;
		};
		2BD54EDC295DDF2400B68517 /* Frameworks */ = {
			isa = PBXFrameworksBuildPhase;
			buildActionMask = 2147483647;
			files = (
			);
			runOnlyForDeploymentPostprocessing = 0;
		};
/* End PBXFrameworksBuildPhase section */

/* Begin PBXGroup section */
		2B7EEAD82950F1D500DE7776 = {
			isa = PBXGroup;
			children = (
				2B7EEAE32950F1D600DE7776 /* LiveBus */,
				2B7EEAE22950F1D600DE7776 /* Products */,
				4817821800411B2C21F1A671 /* Pods */,
				E0A1ECD6470261974F7F0DF3 /* Frameworks */,
			);
			sourceTree = "<group>";
		};
		2B7EEAE22950F1D600DE7776 /* Products */ = {
			isa = PBXGroup;
			children = (
				2B7EEAE12950F1D600DE7776 /* LiveBus.app */,
				2BD54EDF295DDF2400B68517 /* libLiveBusLab.a */,
			);
			name = Products;
			sourceTree = "<group>";
		};
		2B7EEAE32950F1D600DE7776 /* LiveBus */ = {
			isa = PBXGroup;
			children = (
				2B7EEAE42950F1D600DE7776 /* AppDelegate.swift */,
				2B7EEAE62950F1D600DE7776 /* SceneDelegate.swift */,
				2BFC157029647A9400F99CEF /* ViewControllers */,
				2BFC157129647B0800F99CEF /* Managers */,
				2BFC157229647B1F00F99CEF /* CustomViews */,
				2BFC157329647B7300F99CEF /* Resources */,
				2BFC157429647B9A00F99CEF /* StoryBoards */,
				2B7EEAED2950F1DA00DE7776 /* Assets.xcassets */,
				2B7EEAF22950F1DA00DE7776 /* Info.plist */,
			);
			path = LiveBus;
			sourceTree = "<group>";
		};
		2BFC157029647A9400F99CEF /* ViewControllers */ = {
			isa = PBXGroup;
			children = (
				2B7EEAFA2950F48300DE7776 /* CityVC.swift */,
				2B7EEAF82950F43900DE7776 /* MapVC.swift */,
				2B7EEAFC2950F4B300DE7776 /* LinesVC.swift */,
			);
			path = ViewControllers;
			sourceTree = "<group>";
		};
		2BFC157129647B0800F99CEF /* Managers */ = {
			isa = PBXGroup;
			children = (
				2B7EEB002951150200DE7776 /* SzczecinRouteManager.swift */,
			);
			path = Managers;
			sourceTree = "<group>";
		};
		2BFC157229647B1F00F99CEF /* CustomViews */ = {
			isa = PBXGroup;
			children = (
				2B90321C2954B1340034AC0D /* BaseTabBarController.swift */,
				2BDBD53C2954E92600A4A5D8 /* MapInfoWindow.swift */,
				2B7EEAFE295111F600DE7776 /* CustomCollectionViewCell.swift */,
			);
			path = CustomViews;
			sourceTree = "<group>";
		};
		2BFC157329647B7300F99CEF /* Resources */ = {
			isa = PBXGroup;
			children = (
				2BDBD53A2954DD8000A4A5D8 /* stops.json */,
				2B90321E2954BD1C0034AC0D /* dark_mode_style.json */,
				2BDBD53E2955CAF500A4A5D8 /* mark.png */,
			);
			path = Resources;
			sourceTree = "<group>";
		};
		2BFC157429647B9A00F99CEF /* StoryBoards */ = {
			isa = PBXGroup;
			children = (
				2B7EEAEA2950F1D600DE7776 /* Main.storyboard */,
				2B7EEAEF2950F1DA00DE7776 /* LaunchScreen.storyboard */,
			);
			path = StoryBoards;
			sourceTree = "<group>";
		};
		4817821800411B2C21F1A671 /* Pods */ = {
			isa = PBXGroup;
			children = (
				F298AEDAA9BB08A7939BEBFC /* Pods-bussin.debug.xcconfig */,
				DB26E3F5D81A628D42E9240A /* Pods-bussin.release.xcconfig */,
			);
			path = Pods;
			sourceTree = "<group>";
		};
		E0A1ECD6470261974F7F0DF3 /* Frameworks */ = {
			isa = PBXGroup;
			children = (
				460B64CE23216E19C2556D19 /* Pods_bussin.framework */,
			);
			name = Frameworks;
			sourceTree = "<group>";
		};
/* End PBXGroup section */

/* Begin PBXNativeTarget section */
		2B7EEAE02950F1D600DE7776 /* LiveBus */ = {
			isa = PBXNativeTarget;
			buildConfigurationList = 2B7EEAF52950F1DA00DE7776 /* Build configuration list for PBXNativeTarget "LiveBus" */;
			buildPhases = (
				17F9F0148EF3FD61CC8629D4 /* [CP] Check Pods Manifest.lock */,
				2B7EEADD2950F1D600DE7776 /* Sources */,
				2B7EEADE2950F1D600DE7776 /* Frameworks */,
				2B7EEADF2950F1D600DE7776 /* Resources */,
				DA37496A100FA6C7035F4A5A /* [CP] Embed Pods Frameworks */,
				8FD8FBF1E4B94FDD7DEFE079 /* [CP] Copy Pods Resources */,
			);
			buildRules = (
			);
			dependencies = (
			);
			name = LiveBus;
			productName = bussin;
			productReference = 2B7EEAE12950F1D600DE7776 /* LiveBus.app */;
			productType = "com.apple.product-type.application";
		};
		2BD54EDE295DDF2400B68517 /* LiveBusLab */ = {
			isa = PBXNativeTarget;
			buildConfigurationList = 2BD54EE5295DDF2400B68517 /* Build configuration list for PBXNativeTarget "LiveBusLab" */;
			buildPhases = (
				2BD54EDB295DDF2400B68517 /* Sources */,
				2BD54EDC295DDF2400B68517 /* Frameworks */,
				2BD54EDD295DDF2400B68517 /* CopyFiles */,
			);
			buildRules = (
			);
			dependencies = (
			);
			name = LiveBusLab;
			productName = bussinLab;
			productReference = 2BD54EDF295DDF2400B68517 /* libLiveBusLab.a */;
			productType = "com.apple.product-type.library.static";
		};
/* End PBXNativeTarget section */

/* Begin PBXProject section */
		2B7EEAD92950F1D500DE7776 /* Project object */ = {
			isa = PBXProject;
			attributes = {
				BuildIndependentTargetsInParallel = 1;
				LastSwiftUpdateCheck = 1410;
				LastUpgradeCheck = 1410;
				TargetAttributes = {
					2B7EEAE02950F1D600DE7776 = {
						CreatedOnToolsVersion = 14.1;
					};
					2BD54EDE295DDF2400B68517 = {
						CreatedOnToolsVersion = 14.1;
					};
				};
			};
			buildConfigurationList = 2B7EEADC2950F1D600DE7776 /* Build configuration list for PBXProject "LiveBus" */;
			compatibilityVersion = "Xcode 14.0";
			developmentRegion = en;
			hasScannedForEncodings = 0;
			knownRegions = (
				en,
				Base,
			);
			mainGroup = 2B7EEAD82950F1D500DE7776;
			productRefGroup = 2B7EEAE22950F1D600DE7776 /* Products */;
			projectDirPath = "";
			projectRoot = "";
			targets = (
				2B7EEAE02950F1D600DE7776 /* LiveBus */,
				2BD54EDE295DDF2400B68517 /* LiveBusLab */,
			);
		};
/* End PBXProject section */

/* Begin PBXResourcesBuildPhase section */
		2B7EEADF2950F1D600DE7776 /* Resources */ = {
			isa = PBXResourcesBuildPhase;
			buildActionMask = 2147483647;
			files = (
				2B7EEAF12950F1DA00DE7776 /* LaunchScreen.storyboard in Resources */,
				2B7EEAEE2950F1DA00DE7776 /* Assets.xcassets in Resources */,
				2BDBD53F2955CAF500A4A5D8 /* mark.png in Resources */,
				2B90321F2954BD1C0034AC0D /* dark_mode_style.json in Resources */,
				2BDBD53B2954DD8100A4A5D8 /* stops.json in Resources */,
				2B7EEAEC2950F1D600DE7776 /* Main.storyboard in Resources */,
			);
			runOnlyForDeploymentPostprocessing = 0;
		};
/* End PBXResourcesBuildPhase section */

/* Begin PBXShellScriptBuildPhase section */
		17F9F0148EF3FD61CC8629D4 /* [CP] Check Pods Manifest.lock */ = {
			isa = PBXShellScriptBuildPhase;
			buildActionMask = 2147483647;
			files = (
			);
			inputFileListPaths = (
			);
			inputPaths = (
				"${PODS_PODFILE_DIR_PATH}/Podfile.lock",
				"${PODS_ROOT}/Manifest.lock",
			);
			name = "[CP] Check Pods Manifest.lock";
			outputFileListPaths = (
			);
			outputPaths = (
				"$(DERIVED_FILE_DIR)/Pods-bussin-checkManifestLockResult.txt",
			);
			runOnlyForDeploymentPostprocessing = 0;
			shellPath = /bin/sh;
			shellScript = "diff \"${PODS_PODFILE_DIR_PATH}/Podfile.lock\" \"${PODS_ROOT}/Manifest.lock\" > /dev/null\nif [ $? != 0 ] ; then\n    # print error to STDERR\n    echo \"error: The sandbox is not in sync with the Podfile.lock. Run 'pod install' or update your CocoaPods installation.\" >&2\n    exit 1\nfi\n# This output is used by Xcode 'outputs' to avoid re-running this script phase.\necho \"SUCCESS\" > \"${SCRIPT_OUTPUT_FILE_0}\"\n";
			showEnvVarsInLog = 0;
		};
		8FD8FBF1E4B94FDD7DEFE079 /* [CP] Copy Pods Resources */ = {
			isa = PBXShellScriptBuildPhase;
			buildActionMask = 2147483647;
			files = (
			);
			inputFileListPaths = (
				"${PODS_ROOT}/Target Support Files/Pods-bussin/Pods-bussin-resources-${CONFIGURATION}-input-files.xcfilelist",
			);
			name = "[CP] Copy Pods Resources";
			outputFileListPaths = (
				"${PODS_ROOT}/Target Support Files/Pods-bussin/Pods-bussin-resources-${CONFIGURATION}-output-files.xcfilelist",
			);
			runOnlyForDeploymentPostprocessing = 0;
			shellPath = /bin/sh;
			shellScript = "\"${PODS_ROOT}/Target Support Files/Pods-bussin/Pods-bussin-resources.sh\"\n";
			showEnvVarsInLog = 0;
		};
		DA37496A100FA6C7035F4A5A /* [CP] Embed Pods Frameworks */ = {
			isa = PBXShellScriptBuildPhase;
			buildActionMask = 2147483647;
			files = (
			);
			inputFileListPaths = (
				"${PODS_ROOT}/Target Support Files/Pods-bussin/Pods-bussin-frameworks-${CONFIGURATION}-input-files.xcfilelist",
			);
			name = "[CP] Embed Pods Frameworks";
			outputFileListPaths = (
				"${PODS_ROOT}/Target Support Files/Pods-bussin/Pods-bussin-frameworks-${CONFIGURATION}-output-files.xcfilelist",
			);
			runOnlyForDeploymentPostprocessing = 0;
			shellPath = /bin/sh;
			shellScript = "\"${PODS_ROOT}/Target Support Files/Pods-bussin/Pods-bussin-frameworks.sh\"\n";
			showEnvVarsInLog = 0;
		};
/* End PBXShellScriptBuildPhase section */

/* Begin PBXSourcesBuildPhase section */
		2B7EEADD2950F1D600DE7776 /* Sources */ = {
			isa = PBXSourcesBuildPhase;
			buildActionMask = 2147483647;
			files = (
				2B7EEB012951150200DE7776 /* SzczecinRouteManager.swift in Sources */,
				2B7EEAFD2950F4B300DE7776 /* LinesVC.swift in Sources */,
				2B90321D2954B1340034AC0D /* BaseTabBarController.swift in Sources */,
				2B7EEAFF295111F700DE7776 /* CustomCollectionViewCell.swift in Sources */,
				2B7EEAF92950F43900DE7776 /* MapVC.swift in Sources */,
				2BDBD53D2954E92600A4A5D8 /* MapInfoWindow.swift in Sources */,
				2B7EEAE52950F1D600DE7776 /* AppDelegate.swift in Sources */,
				2B7EEAE72950F1D600DE7776 /* SceneDelegate.swift in Sources */,
				2B7EEAFB2950F48300DE7776 /* CityVC.swift in Sources */,
			);
			runOnlyForDeploymentPostprocessing = 0;
		};
		2BD54EDB295DDF2400B68517 /* Sources */ = {
			isa = PBXSourcesBuildPhase;
			buildActionMask = 2147483647;
			files = (
			);
			runOnlyForDeploymentPostprocessing = 0;
		};
/* End PBXSourcesBuildPhase section */

/* Begin PBXVariantGroup section */
		2B7EEAEA2950F1D600DE7776 /* Main.storyboard */ = {
			isa = PBXVariantGroup;
			children = (
				2B7EEAEB2950F1D600DE7776 /* Base */,
			);
			name = Main.storyboard;
			sourceTree = "<group>";
		};
		2B7EEAEF2950F1DA00DE7776 /* LaunchScreen.storyboard */ = {
			isa = PBXVariantGroup;
			children = (
				2B7EEAF02950F1DA00DE7776 /* Base */,
			);
			name = LaunchScreen.storyboard;
			sourceTree = "<group>";
		};
/* End PBXVariantGroup section */

/* Begin XCBuildConfiguration section */
		2B7EEAF32950F1DA00DE7776 /* Debug */ = {
			isa = XCBuildConfiguration;
			buildSettings = {
				ALWAYS_SEARCH_USER_PATHS = NO;
				CLANG_ANALYZER_NONNULL = YES;
				CLANG_ANALYZER_NUMBER_OBJECT_CONVERSION = YES_AGGRESSIVE;
				CLANG_CXX_LANGUAGE_STANDARD = "gnu++20";
				CLANG_ENABLE_MODULES = YES;
				CLANG_ENABLE_OBJC_ARC = YES;
				CLANG_ENABLE_OBJC_WEAK = YES;
				CLANG_WARN_BLOCK_CAPTURE_AUTORELEASING = YES;
				CLANG_WARN_BOOL_CONVERSION = YES;
				CLANG_WARN_COMMA = YES;
				CLANG_WARN_CONSTANT_CONVERSION = YES;
				CLANG_WARN_DEPRECATED_OBJC_IMPLEMENTATIONS = YES;
				CLANG_WARN_DIRECT_OBJC_ISA_USAGE = YES_ERROR;
				CLANG_WARN_DOCUMENTATION_COMMENTS = YES;
				CLANG_WARN_EMPTY_BODY = YES;
				CLANG_WARN_ENUM_CONVERSION = YES;
				CLANG_WARN_INFINITE_RECURSION = YES;
				CLANG_WARN_INT_CONVERSION = YES;
				CLANG_WARN_NON_LITERAL_NULL_CONVERSION = YES;
				CLANG_WARN_OBJC_IMPLICIT_RETAIN_SELF = YES;
				CLANG_WARN_OBJC_LITERAL_CONVERSION = YES;
				CLANG_WARN_OBJC_ROOT_CLASS = YES_ERROR;
				CLANG_WARN_QUOTED_INCLUDE_IN_FRAMEWORK_HEADER = YES;
				CLANG_WARN_RANGE_LOOP_ANALYSIS = YES;
				CLANG_WARN_STRICT_PROTOTYPES = YES;
				CLANG_WARN_SUSPICIOUS_MOVE = YES;
				CLANG_WARN_UNGUARDED_AVAILABILITY = YES_AGGRESSIVE;
				CLANG_WARN_UNREACHABLE_CODE = YES;
				CLANG_WARN__DUPLICATE_METHOD_MATCH = YES;
				COPY_PHASE_STRIP = NO;
				DEBUG_INFORMATION_FORMAT = dwarf;
				ENABLE_STRICT_OBJC_MSGSEND = YES;
				ENABLE_TESTABILITY = YES;
				GCC_C_LANGUAGE_STANDARD = gnu11;
				GCC_DYNAMIC_NO_PIC = NO;
				GCC_NO_COMMON_BLOCKS = YES;
				GCC_OPTIMIZATION_LEVEL = 0;
				GCC_PREPROCESSOR_DEFINITIONS = (
					"DEBUG=1",
					"$(inherited)",
				);
				GCC_WARN_64_TO_32_BIT_CONVERSION = YES;
				GCC_WARN_ABOUT_RETURN_TYPE = YES_ERROR;
				GCC_WARN_UNDECLARED_SELECTOR = YES;
				GCC_WARN_UNINITIALIZED_AUTOS = YES_AGGRESSIVE;
				GCC_WARN_UNUSED_FUNCTION = YES;
				GCC_WARN_UNUSED_VARIABLE = YES;
				IPHONEOS_DEPLOYMENT_TARGET = 16.1;
				MTL_ENABLE_DEBUG_INFO = INCLUDE_SOURCE;
				MTL_FAST_MATH = YES;
				ONLY_ACTIVE_ARCH = YES;
				SDKROOT = iphoneos;
				SWIFT_ACTIVE_COMPILATION_CONDITIONS = DEBUG;
				SWIFT_OPTIMIZATION_LEVEL = "-Onone";
			};
			name = Debug;
		};
		2B7EEAF42950F1DA00DE7776 /* Release */ = {
			isa = XCBuildConfiguration;
			buildSettings = {
				ALWAYS_SEARCH_USER_PATHS = NO;
				CLANG_ANALYZER_NONNULL = YES;
				CLANG_ANALYZER_NUMBER_OBJECT_CONVERSION = YES_AGGRESSIVE;
				CLANG_CXX_LANGUAGE_STANDARD = "gnu++20";
				CLANG_ENABLE_MODULES = YES;
				CLANG_ENABLE_OBJC_ARC = YES;
				CLANG_ENABLE_OBJC_WEAK = YES;
				CLANG_WARN_BLOCK_CAPTURE_AUTORELEASING = YES;
				CLANG_WARN_BOOL_CONVERSION = YES;
				CLANG_WARN_COMMA = YES;
				CLANG_WARN_CONSTANT_CONVERSION = YES;
				CLANG_WARN_DEPRECATED_OBJC_IMPLEMENTATIONS = YES;
				CLANG_WARN_DIRECT_OBJC_ISA_USAGE = YES_ERROR;
				CLANG_WARN_DOCUMENTATION_COMMENTS = YES;
				CLANG_WARN_EMPTY_BODY = YES;
				CLANG_WARN_ENUM_CONVERSION = YES;
				CLANG_WARN_INFINITE_RECURSION = YES;
				CLANG_WARN_INT_CONVERSION = YES;
				CLANG_WARN_NON_LITERAL_NULL_CONVERSION = YES;
				CLANG_WARN_OBJC_IMPLICIT_RETAIN_SELF = YES;
				CLANG_WARN_OBJC_LITERAL_CONVERSION = YES;
				CLANG_WARN_OBJC_ROOT_CLASS = YES_ERROR;
				CLANG_WARN_QUOTED_INCLUDE_IN_FRAMEWORK_HEADER = YES;
				CLANG_WARN_RANGE_LOOP_ANALYSIS = YES;
				CLANG_WARN_STRICT_PROTOTYPES = YES;
				CLANG_WARN_SUSPICIOUS_MOVE = YES;
				CLANG_WARN_UNGUARDED_AVAILABILITY = YES_AGGRESSIVE;
				CLANG_WARN_UNREACHABLE_CODE = YES;
				CLANG_WARN__DUPLICATE_METHOD_MATCH = YES;
				COPY_PHASE_STRIP = NO;
				DEBUG_INFORMATION_FORMAT = "dwarf-with-dsym";
				ENABLE_NS_ASSERTIONS = NO;
				ENABLE_STRICT_OBJC_MSGSEND = YES;
				GCC_C_LANGUAGE_STANDARD = gnu11;
				GCC_NO_COMMON_BLOCKS = YES;
				GCC_WARN_64_TO_32_BIT_CONVERSION = YES;
				GCC_WARN_ABOUT_RETURN_TYPE = YES_ERROR;
				GCC_WARN_UNDECLARED_SELECTOR = YES;
				GCC_WARN_UNINITIALIZED_AUTOS = YES_AGGRESSIVE;
				GCC_WARN_UNUSED_FUNCTION = YES;
				GCC_WARN_UNUSED_VARIABLE = YES;
				IPHONEOS_DEPLOYMENT_TARGET = 16.1;
				MTL_ENABLE_DEBUG_INFO = NO;
				MTL_FAST_MATH = YES;
				SDKROOT = iphoneos;
				SWIFT_COMPILATION_MODE = wholemodule;
				SWIFT_OPTIMIZATION_LEVEL = "-O";
				VALIDATE_PRODUCT = YES;
			};
			name = Release;
		};
		2B7EEAF62950F1DA00DE7776 /* Debug */ = {
			isa = XCBuildConfiguration;
			baseConfigurationReference = F298AEDAA9BB08A7939BEBFC /* Pods-bussin.debug.xcconfig */;
			buildSettings = {
				ASSETCATALOG_COMPILER_APPICON_NAME = AppIcon;
				ASSETCATALOG_COMPILER_GLOBAL_ACCENT_COLOR_NAME = AccentColor;
				CODE_SIGN_STYLE = Automatic;
				CURRENT_PROJECT_VERSION = 1;
				DEVELOPMENT_TEAM = 8CTL55U895;
				GENERATE_INFOPLIST_FILE = YES;
				INFOPLIST_FILE = bussin/Info.plist;
				INFOPLIST_KEY_NSLocationAlwaysAndWhenInUseUsageDescription = "";
				INFOPLIST_KEY_NSLocationWhenInUseUsageDescription = "";
				INFOPLIST_KEY_UIApplicationSupportsIndirectInputEvents = YES;
				INFOPLIST_KEY_UILaunchStoryboardName = LaunchScreen;
				INFOPLIST_KEY_UIMainStoryboardFile = Main;
				INFOPLIST_KEY_UISupportedInterfaceOrientations_iPad = "UIInterfaceOrientationPortrait UIInterfaceOrientationPortraitUpsideDown UIInterfaceOrientationLandscapeLeft UIInterfaceOrientationLandscapeRight";
				INFOPLIST_KEY_UISupportedInterfaceOrientations_iPhone = "UIInterfaceOrientationPortrait UIInterfaceOrientationLandscapeLeft UIInterfaceOrientationLandscapeRight";
				LD_RUNPATH_SEARCH_PATHS = (
					"$(inherited)",
					"@executable_path/Frameworks",
				);
				MARKETING_VERSION = 1.0;
				PRODUCT_BUNDLE_IDENTIFIER = rafalgawlik.bussin;
				PRODUCT_NAME = "$(TARGET_NAME)";
				SWIFT_EMIT_LOC_STRINGS = YES;
				SWIFT_VERSION = 5.0;
				TARGETED_DEVICE_FAMILY = "1,2";
			};
			name = Debug;
		};
		2B7EEAF72950F1DA00DE7776 /* Release */ = {
			isa = XCBuildConfiguration;
			baseConfigurationReference = DB26E3F5D81A628D42E9240A /* Pods-bussin.release.xcconfig */;
			buildSettings = {
				ASSETCATALOG_COMPILER_APPICON_NAME = AppIcon;
				ASSETCATALOG_COMPILER_GLOBAL_ACCENT_COLOR_NAME = AccentColor;
				CODE_SIGN_STYLE = Automatic;
				CURRENT_PROJECT_VERSION = 1;
				DEVELOPMENT_TEAM = 8CTL55U895;
				GENERATE_INFOPLIST_FILE = YES;
				INFOPLIST_FILE = bussin/Info.plist;
				INFOPLIST_KEY_NSLocationAlwaysAndWhenInUseUsageDescription = "";
				INFOPLIST_KEY_NSLocationWhenInUseUsageDescription = "";
				INFOPLIST_KEY_UIApplicationSupportsIndirectInputEvents = YES;
				INFOPLIST_KEY_UILaunchStoryboardName = LaunchScreen;
				INFOPLIST_KEY_UIMainStoryboardFile = Main;
				INFOPLIST_KEY_UISupportedInterfaceOrientations_iPad = "UIInterfaceOrientationPortrait UIInterfaceOrientationPortraitUpsideDown UIInterfaceOrientationLandscapeLeft UIInterfaceOrientationLandscapeRight";
				INFOPLIST_KEY_UISupportedInterfaceOrientations_iPhone = "UIInterfaceOrientationPortrait UIInterfaceOrientationLandscapeLeft UIInterfaceOrientationLandscapeRight";
				LD_RUNPATH_SEARCH_PATHS = (
					"$(inherited)",
					"@executable_path/Frameworks",
				);
				MARKETING_VERSION = 1.0;
				PRODUCT_BUNDLE_IDENTIFIER = rafalgawlik.bussin;
				PRODUCT_NAME = "$(TARGET_NAME)";
				SWIFT_EMIT_LOC_STRINGS = YES;
				SWIFT_VERSION = 5.0;
				TARGETED_DEVICE_FAMILY = "1,2";
			};
			name = Release;
		};
		2BD54EE3295DDF2400B68517 /* Debug */ = {
			isa = XCBuildConfiguration;
			buildSettings = {
				CODE_SIGN_STYLE = Automatic;
				DEVELOPMENT_TEAM = 8CTL55U895;
				OTHER_LDFLAGS = "-ObjC";
				PRODUCT_NAME = "$(TARGET_NAME)";
				SKIP_INSTALL = YES;
				SWIFT_VERSION = 5.0;
				TARGETED_DEVICE_FAMILY = "1,2";
			};
			name = Debug;
		};
		2BD54EE4295DDF2400B68517 /* Release */ = {
			isa = XCBuildConfiguration;
			buildSettings = {
				CODE_SIGN_STYLE = Automatic;
				DEVELOPMENT_TEAM = 8CTL55U895;
				OTHER_LDFLAGS = "-ObjC";
				PRODUCT_NAME = "$(TARGET_NAME)";
				SKIP_INSTALL = YES;
				SWIFT_VERSION = 5.0;
				TARGETED_DEVICE_FAMILY = "1,2";
			};
			name = Release;
		};
/* End XCBuildConfiguration section */

/* Begin XCConfigurationList section */
		2B7EEADC2950F1D600DE7776 /* Build configuration list for PBXProject "LiveBus" */ = {
			isa = XCConfigurationList;
			buildConfigurations = (
				2B7EEAF32950F1DA00DE7776 /* Debug */,
				2B7EEAF42950F1DA00DE7776 /* Release */,
			);
			defaultConfigurationIsVisible = 0;
			defaultConfigurationName = Release;
		};
		2B7EEAF52950F1DA00DE7776 /* Build configuration list for PBXNativeTarget "LiveBus" */ = {
			isa = XCConfigurationList;
			buildConfigurations = (
				2B7EEAF62950F1DA00DE7776 /* Debug */,
				2B7EEAF72950F1DA00DE7776 /* Release */,
			);
			defaultConfigurationIsVisible = 0;
			defaultConfigurationName = Release;
		};
		2BD54EE5295DDF2400B68517 /* Build configuration list for PBXNativeTarget "LiveBusLab" */ = {
			isa = XCConfigurationList;
			buildConfigurations = (
				2BD54EE3295DDF2400B68517 /* Debug */,
				2BD54EE4295DDF2400B68517 /* Release */,
			);
			defaultConfigurationIsVisible = 0;
			defaultConfigurationName = Release;
		};
/* End XCConfigurationList section */
	};
	rootObject = 2B7EEAD92950F1D500DE7776 /* Project object */;
}
